Microsoft Visual Studio Solution File, Format Version 12.00
# Visual Studio 2012
Project("{FAE04EC0-301F-11D3-BF4B-00C04F79EFBC}") = "2048-godot", "2048-godot.csproj", "{CA27BE66-B67F-4B40-BA0C-575AF9A2ACFA}"
EndProject
Global
	GlobalSection(SolutionConfigurationPlatforms) = preSolution
	Debug|Any CPU = Debug|Any CPU
	ExportDebug|Any CPU = ExportDebug|Any CPU
	ExportRelease|Any CPU = ExportRelease|Any CPU
	EndGlobalSection
	GlobalSection(ProjectConfigurationPlatforms) = postSolution
		{CA27BE66-B67F-4B40-BA0C-575AF9A2ACFA}.Debug|Any CPU.ActiveCfg = Debug|Any CPU
		{CA27BE66-B67F-4B40-BA0C-575AF9A2ACFA}.Debug|Any CPU.Build.0 = Debug|Any CPU
		{CA27BE66-B67F-4B40-BA0C-575AF9A2ACFA}.ExportDebug|Any CPU.ActiveCfg = ExportDebug|Any CPU
		{CA27BE66-B67F-4B40-BA0C-575AF9A2ACFA}.ExportDebug|Any CPU.Build.0 = ExportDebug|Any CPU
		{CA27BE66-B67F-4B40-BA0C-575AF9A2ACFA}.ExportRelease|Any CPU.ActiveCfg = ExportRelease|Any CPU
		{CA27BE66-B67F-4B40-BA0C-575AF9A2ACFA}.ExportRelease|Any CPU.Build.0 = ExportRelease|Any CPU
	EndGlobalSection
EndGlobal
